github.com/Source-of-Intelligence/soi-vos v1.0.0 h1:J/LkE+72i2QJ/QVz4OYp8m8N9E7luSoEqwhLA2+k+f4=
github.com/Source-of-Intelligence/soi-vos v1.0.0/go.mod h1:NVAd7pvyEFsHbGf83+lTg78wiyrO0i1TwDyNGw0i/bY=
github.com/Source-of-Intelligence/soi-vos v1.0.1 h1:y9z7k7IOc0zIWrqaKw4nw4RNy1UIliifur3cDPVu6cY=
github.com/Source-of-Intelligence/soi-vos v1.0.1/go.mod h1:NVAd7pvyEFsHbGf83+lTg78wiyrO0i1TwDyNGw0i/bY=
